
Microsoft Visual Studio Solution File, Format Version 12.00
# Visual Studio Version 16
VisualStudioVersion = 16.0.31005.135
MinimumVisualStudioVersion = 10.0.40219.1
Project("{9A19103F-16F7-4668-BE54-9A1E7A4F7556}") = "BookListRazor", "BookListRazor\BookListRazor.csproj", "{432B27E2-F0FF-4F4E-B26E-2355B96B88A8}"
EndProject
Global
	GlobalSection(SolutionConfigurationPlatforms) = preSolution
		Debug|Any CPU = Debug|Any CPU
		Release|Any CPU = Release|Any CPU
	EndGlobalSection
	GlobalSection(ProjectConfigurationPlatforms) = postSolution
		{432B27E2-F0FF-4F4E-B26E-2355B96B88A8}.Debug|Any CPU.ActiveCfg = Debug|Any CPU
		{432B27E2-F0FF-4F4E-B26E-2355B96B88A8}.Debug|Any CPU.Build.0 = Debug|Any CPU
		{432B27E2-F0FF-4F4E-B26E-2355B96B88A8}.Release|Any CPU.ActiveCfg = Release|Any CPU
		{432B27E2-F0FF-4F4E-B26E-2355B96B88A8}.Release|Any CPU.Build.0 = Release|Any CPU
	EndGlobalSection
	GlobalSection(SolutionProperties) = preSolution
		HideSolutionNode = FALSE
	EndGlobalSection
	GlobalSection(ExtensibilityGlobals) = postSolution
		SolutionGuid = {5E2F9F97-C1E5-4C55-ADC3-96439A563427}
	EndGlobalSection
	GlobalSection(TeamFoundationVersionControl) = preSolution
		SccNumberOfProjects = 1
		SccEnterpriseProvider = {4CA58AB2-18FA-4F8D-95D4-32DDF27D184C}
		SccTeamFoundationServer = https://dev.azure.com/eriveltonsilva106
		SccProjectUniqueName0 = BookListRazor\\BookListRazor.csproj
		SccProjectName0 = BookListRazor
		SccAuxPath0 = https://dev.azure.com/eriveltonsilva106
		SccLocalPath0 = BookListRazor
		SccProvider0 = {4CA58AB2-18FA-4F8D-95D4-32DDF27D184C}
	EndGlobalSection
EndGlobal
